
Microsoft Visual Studio Solution File, Format Version 11.00
# Visual C# Express 2010
Project("{FAE04EC0-301F-11D3-BF4B-00C04F79EFBC}") = "WindowsFormsApplication2", "WindowsFormsApplication2\WindowsFormsApplication2.csproj", "{7E49E4C3-617D-49F8-A1CF-C866472DF6A3}"
EndProject
Global
	GlobalSection(SolutionConfigurationPlatforms) = preSolution
		Debug|x86 = Debug|x86
		Release|x86 = Release|x86
	EndGlobalSection
	GlobalSection(ProjectConfigurationPlatforms) = postSolution
		{7E49E4C3-617D-49F8-A1CF-C866472DF6A3}.Debug|x86.ActiveCfg = Debug|x86
		{7E49E4C3-617D-49F8-A1CF-C866472DF6A3}.Debug|x86.Build.0 = Debug|x86
		{7E49E4C3-617D-49F8-A1CF-C866472DF6A3}.Release|x86.ActiveCfg = Release|x86
		{7E49E4C3-617D-49F8-A1CF-C866472DF6A3}.Release|x86.Build.0 = Release|x86
	EndGlobalSection
	GlobalSection(SolutionProperties) = preSolution
		HideSolutionNode = FALSE
	EndGlobalSection
EndGlobal
